
Microsoft Visual Studio Solution File, Format Version 12.00
# Visual Studio Version 17
VisualStudioVersion = 17.4.33122.133
MinimumVisualStudioVersion = 10.0.40219.1
Project("{FAE04EC0-301F-11D3-BF4B-00C04F79EFBC}") = "partialclass", "partialclass\partialclass.csproj", "{D81EB206-EC8E-4FEC-ACC1-C238642CA77B}"
EndProject
Global
	GlobalSection(SolutionConfigurationPlatforms) = preSolution
		Debug|Any CPU = Debug|Any CPU
		Release|Any CPU = Release|Any CPU
	EndGlobalSection
	GlobalSection(ProjectConfigurationPlatforms) = postSolution
		{D81EB206-EC8E-4FEC-ACC1-C238642CA77B}.Debug|Any CPU.ActiveCfg = Debug|Any CPU
		{D81EB206-EC8E-4FEC-ACC1-C238642CA77B}.Debug|Any CPU.Build.0 = Debug|Any CPU
		{D81EB206-EC8E-4FEC-ACC1-C238642CA77B}.Release|Any CPU.ActiveCfg = Release|Any CPU
		{D81EB206-EC8E-4FEC-ACC1-C238642CA77B}.Release|Any CPU.Build.0 = Release|Any CPU
	EndGlobalSection
	GlobalSection(SolutionProperties) = preSolution
		HideSolutionNode = FALSE
	EndGlobalSection
	GlobalSection(ExtensibilityGlobals) = postSolution
		SolutionGuid = {B2CDA3BB-C2B5-47D8-A9B5-065DEC70EDC3}
	EndGlobalSection
EndGlobal
